
Microsoft Visual Studio Solution File, Format Version 12.00
# Visual Studio Version 17
VisualStudioVersion = 17.2.32526.322
MinimumVisualStudioVersion = 10.0.40219.1
Project("{9A19103F-16F7-4668-BE54-9A1E7A4F7556}") = "Ebay-project", "Ebay-project.csproj", "{B90ACA27-F127-46A4-A82F-CDE61BFD1B1F}"
EndProject
Project("{9A19103F-16F7-4668-BE54-9A1E7A4F7556}") = "Ebay-Tests", "..\Ebay-Tests\Ebay-Tests.csproj", "{7A083BFE-4C24-4927-AAF6-60510EC4CB9D}"
EndProject
Global
	GlobalSection(SolutionConfigurationPlatforms) = preSolution
		Debug|Any CPU = Debug|Any CPU
		Release|Any CPU = Release|Any CPU
	EndGlobalSection
	GlobalSection(ProjectConfigurationPlatforms) = postSolution
		{B90ACA27-F127-46A4-A82F-CDE61BFD1B1F}.Debug|Any CPU.ActiveCfg = Debug|Any CPU
		{B90ACA27-F127-46A4-A82F-CDE61BFD1B1F}.Debug|Any CPU.Build.0 = Debug|Any CPU
		{B90ACA27-F127-46A4-A82F-CDE61BFD1B1F}.Release|Any CPU.ActiveCfg = Release|Any CPU
		{B90ACA27-F127-46A4-A82F-CDE61BFD1B1F}.Release|Any CPU.Build.0 = Release|Any CPU
		{7A083BFE-4C24-4927-AAF6-60510EC4CB9D}.Debug|Any CPU.ActiveCfg = Debug|Any CPU
		{7A083BFE-4C24-4927-AAF6-60510EC4CB9D}.Debug|Any CPU.Build.0 = Debug|Any CPU
		{7A083BFE-4C24-4927-AAF6-60510EC4CB9D}.Release|Any CPU.ActiveCfg = Release|Any CPU
		{7A083BFE-4C24-4927-AAF6-60510EC4CB9D}.Release|Any CPU.Build.0 = Release|Any CPU
	EndGlobalSection
	GlobalSection(SolutionProperties) = preSolution
		HideSolutionNode = FALSE
	EndGlobalSection
	GlobalSection(ExtensibilityGlobals) = postSolution
		SolutionGuid = {BAD78310-0306-4BBA-9BF3-95EF5EF35B3B}
	EndGlobalSection
EndGlobal
